
Microsoft Visual Studio Solution File, Format Version 12.00
# Visual Studio Version 17
VisualStudioVersion = 17.7.34031.279
MinimumVisualStudioVersion = 10.0.40219.1
Project("{FAE04EC0-301F-11D3-BF4B-00C04F79EFBC}") = "Hotel.Domain", "Hotel.Domain\Hotel.Domain.csproj", "{ABEFAD91-12B3-494C-A7E5-4F24234171A4}"
EndProject
Global
	GlobalSection(SolutionConfigurationPlatforms) = preSolution
		Debug|Any CPU = Debug|Any CPU
		Release|Any CPU = Release|Any CPU
	EndGlobalSection
	GlobalSection(ProjectConfigurationPlatforms) = postSolution
		{ABEFAD91-12B3-494C-A7E5-4F24234171A4}.Debug|Any CPU.ActiveCfg = Debug|Any CPU
		{ABEFAD91-12B3-494C-A7E5-4F24234171A4}.Debug|Any CPU.Build.0 = Debug|Any CPU
		{ABEFAD91-12B3-494C-A7E5-4F24234171A4}.Release|Any CPU.ActiveCfg = Release|Any CPU
		{ABEFAD91-12B3-494C-A7E5-4F24234171A4}.Release|Any CPU.Build.0 = Release|Any CPU
	EndGlobalSection
	GlobalSection(SolutionProperties) = preSolution
		HideSolutionNode = FALSE
	EndGlobalSection
	GlobalSection(ExtensibilityGlobals) = postSolution
		SolutionGuid = {24C6D617-B326-49AE-9270-32C61B5976C2}
	EndGlobalSection
EndGlobal
